
Microsoft Visual Studio Solution File, Format Version 12.00
# Visual Studio Version 17
VisualStudioVersion = 17.0.31903.59
MinimumVisualStudioVersion = 10.0.40219.1
Project("{2150E333-8FDC-42A3-9474-1A3956D46DE8}") = "src", "src", "{827E0CD3-B72D-47B6-A68D-7590B98EB39B}"
EndProject
Project("{FAE04EC0-301F-11D3-BF4B-00C04F79EFBC}") = "DrivingLicence.Domain", "src\DrivingLicence.Domain\DrivingLicence.Domain.csproj", "{D4146E6C-6C20-40E7-B423-A348ACAC86F3}"
EndProject
Project("{FAE04EC0-301F-11D3-BF4B-00C04F79EFBC}") = "DrivingLicence.Infrastructure", "src\DrivingLicence.Infrastructure\DrivingLicence.Infrastructure.csproj", "{2257DBDE-131E-4DE7-84CE-3AD630050F1F}"
EndProject
Project("{FAE04EC0-301F-11D3-BF4B-00C04F79EFBC}") = "DrivingLicence.Api", "src\DrivingLicence.Api\DrivingLicence.Api.csproj", "{7D9FB0E1-9317-46D8-B450-3E8C47F24C6C}"
EndProject
Project("{FAE04EC0-301F-11D3-BF4B-00C04F79EFBC}") = "DrivingLicence.Worker", "src\DrivingLicence.Worker\DrivingLicence.Worker.csproj", "{D731D8B0-6E39-4266-810F-5065A3B74919}"
EndProject
Project("{2150E333-8FDC-42A3-9474-1A3956D46DE8}") = "tests", "tests", "{0AB3BF05-4346-4AA6-1389-037BE0695223}"
EndProject
Project("{FAE04EC0-301F-11D3-BF4B-00C04F79EFBC}") = "DrivingLicence.Tests", "tests\DrivingLicence.Tests\DrivingLicence.Tests.csproj", "{436BB07E-6456-4773-A640-2CFAA93EDFF2}"
EndProject
Project("{FAE04EC0-301F-11D3-BF4B-00C04F79EFBC}") = "DrivingLicence.Web", "src\DrivingLicence.Web\DrivingLicence.Web.csproj", "{D4A34207-E9FB-4940-903D-7EB938B2885E}"
EndProject
Project("{FAE04EC0-301F-11D3-BF4B-00C04F79EFBC}") = "DrivingLicence.AppHost", "src\DrivingLicence.AppHost\DrivingLicence.AppHost.csproj", "{3AF77F60-213E-462E-B01F-85BCEFA2B74C}"
EndProject
Project("{FAE04EC0-301F-11D3-BF4B-00C04F79EFBC}") = "DrivingLicence.ServiceDefaults", "src\DrivingLicence.ServiceDefaults\DrivingLicence.ServiceDefaults.csproj", "{5BFBBDF2-5464-4A69-AECE-6105FD463544}"
EndProject
Global
	GlobalSection(SolutionConfigurationPlatforms) = preSolution
		Debug|Any CPU = Debug|Any CPU
		Debug|x64 = Debug|x64
		Debug|x86 = Debug|x86
		Release|Any CPU = Release|Any CPU
		Release|x64 = Release|x64
		Release|x86 = Release|x86
	EndGlobalSection
	GlobalSection(ProjectConfigurationPlatforms) = postSolution
		{D4146E6C-6C20-40E7-B423-A348ACAC86F3}.Debug|Any CPU.ActiveCfg = Debug|Any CPU
		{D4146E6C-6C20-40E7-B423-A348ACAC86F3}.Debug|Any CPU.Build.0 = Debug|Any CPU
		{D4146E6C-6C20-40E7-B423-A348ACAC86F3}.Debug|x64.ActiveCfg = Debug|Any CPU
		{D4146E6C-6C20-40E7-B423-A348ACAC86F3}.Debug|x64.Build.0 = Debug|Any CPU
		{D4146E6C-6C20-40E7-B423-A348ACAC86F3}.Debug|x86.ActiveCfg = Debug|Any CPU
		{D4146E6C-6C20-40E7-B423-A348ACAC86F3}.Debug|x86.Build.0 = Debug|Any CPU
		{D4146E6C-6C20-40E7-B423-A348ACAC86F3}.Release|Any CPU.ActiveCfg = Release|Any CPU
		{D4146E6C-6C20-40E7-B423-A348ACAC86F3}.Release|Any CPU.Build.0 = Release|Any CPU
		{D4146E6C-6C20-40E7-B423-A348ACAC86F3}.Release|x64.ActiveCfg = Release|Any CPU
		{D4146E6C-6C20-40E7-B423-A348ACAC86F3}.Release|x64.Build.0 = Release|Any CPU
		{D4146E6C-6C20-40E7-B423-A348ACAC86F3}.Release|x86.ActiveCfg = Release|Any CPU
		{D4146E6C-6C20-40E7-B423-A348ACAC86F3}.Release|x86.Build.0 = Release|Any CPU
		{2257DBDE-131E-4DE7-84CE-3AD630050F1F}.Debug|Any CPU.ActiveCfg = Debug|Any CPU
		{2257DBDE-131E-4DE7-84CE-3AD630050F1F}.Debug|Any CPU.Build.0 = Debug|Any CPU
		{2257DBDE-131E-4DE7-84CE-3AD630050F1F}.Debug|x64.ActiveCfg = Debug|Any CPU
		{2257DBDE-131E-4DE7-84CE-3AD630050F1F}.Debug|x64.Build.0 = Debug|Any CPU
		{2257DBDE-131E-4DE7-84CE-3AD630050F1F}.Debug|x86.ActiveCfg = Debug|Any CPU
		{2257DBDE-131E-4DE7-84CE-3AD630050F1F}.Debug|x86.Build.0 = Debug|Any CPU
		{2257DBDE-131E-4DE7-84CE-3AD630050F1F}.Release|Any CPU.ActiveCfg = Release|Any CPU
		{2257DBDE-131E-4DE7-84CE-3AD630050F1F}.Release|Any CPU.Build.0 = Release|Any CPU
		{2257DBDE-131E-4DE7-84CE-3AD630050F1F}.Release|x64.ActiveCfg = Release|Any CPU
		{2257DBDE-131E-4DE7-84CE-3AD630050F1F}.Release|x64.Build.0 = Release|Any CPU
		{2257DBDE-131E-4DE7-84CE-3AD630050F1F}.Release|x86.ActiveCfg = Release|Any CPU
		{2257DBDE-131E-4DE7-84CE-3AD630050F1F}.Release|x86.Build.0 = Release|Any CPU
		{7D9FB0E1-9317-46D8-B450-3E8C47F24C6C}.Debug|Any CPU.ActiveCfg = Debug|Any CPU
		{7D9FB0E1-9317-46D8-B450-3E8C47F24C6C}.Debug|Any CPU.Build.0 = Debug|Any CPU
		{7D9FB0E1-9317-46D8-B450-3E8C47F24C6C}.Debug|x64.ActiveCfg = Debug|Any CPU
		{7D9FB0E1-9317-46D8-B450-3E8C47F24C6C}.Debug|x64.Build.0 = Debug|Any CPU
		{7D9FB0E1-9317-46D8-B450-3E8C47F24C6C}.Debug|x86.ActiveCfg = Debug|Any CPU
		{7D9FB0E1-9317-46D8-B450-3E8C47F24C6C}.Debug|x86.Build.0 = Debug|Any CPU
		{7D9FB0E1-9317-46D8-B450-3E8C47F24C6C}.Release|Any CPU.ActiveCfg = Release|Any CPU
		{7D9FB0E1-9317-46D8-B450-3E8C47F24C6C}.Release|Any CPU.Build.0 = Release|Any CPU
		{7D9FB0E1-9317-46D8-B450-3E8C47F24C6C}.Release|x64.ActiveCfg = Release|Any CPU
		{7D9FB0E1-9317-46D8-B450-3E8C47F24C6C}.Release|x64.Build.0 = Release|Any CPU
		{7D9FB0E1-9317-46D8-B450-3E8C47F24C6C}.Release|x86.ActiveCfg = Release|Any CPU
		{7D9FB0E1-9317-46D8-B450-3E8C47F24C6C}.Release|x86.Build.0 = Release|Any CPU
		{D731D8B0-6E39-4266-810F-5065A3B74919}.Debug|Any CPU.ActiveCfg = Debug|Any CPU
		{D731D8B0-6E39-4266-810F-5065A3B74919}.Debug|Any CPU.Build.0 = Debug|Any CPU
		{D731D8B0-6E39-4266-810F-5065A3B74919}.Debug|x64.ActiveCfg = Debug|Any CPU
		{D731D8B0-6E39-4266-810F-5065A3B74919}.Debug|x64.Build.0 = Debug|Any CPU
		{D731D8B0-6E39-4266-810F-5065A3B74919}.Debug|x86.ActiveCfg = Debug|Any CPU
		{D731D8B0-6E39-4266-810F-5065A3B74919}.Debug|x86.Build.0 = Debug|Any CPU
		{D731D8B0-6E39-4266-810F-5065A3B74919}.Release|Any CPU.ActiveCfg = Release|Any CPU
		{D731D8B0-6E39-4266-810F-5065A3B74919}.Release|Any CPU.Build.0 = Release|Any CPU
		{D731D8B0-6E39-4266-810F-5065A3B74919}.Release|x64.ActiveCfg = Release|Any CPU
		{D731D8B0-6E39-4266-810F-5065A3B74919}.Release|x64.Build.0 = Release|Any CPU
		{D731D8B0-6E39-4266-810F-5065A3B74919}.Release|x86.ActiveCfg = Release|Any CPU
		{D731D8B0-6E39-4266-810F-5065A3B74919}.Release|x86.Build.0 = Release|Any CPU
		{436BB07E-6456-4773-A640-2CFAA93EDFF2}.Debug|Any CPU.ActiveCfg = Debug|Any CPU
		{436BB07E-6456-4773-A640-2CFAA93EDFF2}.Debug|Any CPU.Build.0 = Debug|Any CPU
		{436BB07E-6456-4773-A640-2CFAA93EDFF2}.Debug|x64.ActiveCfg = Debug|Any CPU
		{436BB07E-6456-4773-A640-2CFAA93EDFF2}.Debug|x64.Build.0 = Debug|Any CPU
		{436BB07E-6456-4773-A640-2CFAA93EDFF2}.Debug|x86.ActiveCfg = Debug|Any CPU
		{436BB07E-6456-4773-A640-2CFAA93EDFF2}.Debug|x86.Build.0 = Debug|Any CPU
		{436BB07E-6456-4773-A640-2CFAA93EDFF2}.Release|Any CPU.ActiveCfg = Release|Any CPU
		{436BB07E-6456-4773-A640-2CFAA93EDFF2}.Release|Any CPU.Build.0 = Release|Any CPU
		{436BB07E-6456-4773-A640-2CFAA93EDFF2}.Release|x64.ActiveCfg = Release|Any CPU
		{436BB07E-6456-4773-A640-2CFAA93EDFF2}.Release|x64.Build.0 = Release|Any CPU
		{436BB07E-6456-4773-A640-2CFAA93EDFF2}.Release|x86.ActiveCfg = Release|Any CPU
		{436BB07E-6456-4773-A640-2CFAA93EDFF2}.Release|x86.Build.0 = Release|Any CPU
		{D4A34207-E9FB-4940-903D-7EB938B2885E}.Debug|Any CPU.ActiveCfg = Debug|Any CPU
		{D4A34207-E9FB-4940-903D-7EB938B2885E}.Debug|Any CPU.Build.0 = Debug|Any CPU
		{D4A34207-E9FB-4940-903D-7EB938B2885E}.Debug|x64.ActiveCfg = Debug|Any CPU
		{D4A34207-E9FB-4940-903D-7EB938B2885E}.Debug|x64.Build.0 = Debug|Any CPU
		{D4A34207-E9FB-4940-903D-7EB938B2885E}.Debug|x86.ActiveCfg = Debug|Any CPU
		{D4A34207-E9FB-4940-903D-7EB938B2885E}.Debug|x86.Build.0 = Debug|Any CPU
		{D4A34207-E9FB-4940-903D-7EB938B2885E}.Release|Any CPU.ActiveCfg = Release|Any CPU
		{D4A34207-E9FB-4940-903D-7EB938B2885E}.Release|Any CPU.Build.0 = Release|Any CPU
		{D4A34207-E9FB-4940-903D-7EB938B2885E}.Release|x64.ActiveCfg = Release|Any CPU
		{D4A34207-E9FB-4940-903D-7EB938B2885E}.Release|x64.Build.0 = Release|Any CPU
		{D4A34207-E9FB-4940-903D-7EB938B2885E}.Release|x86.ActiveCfg = Release|Any CPU
		{D4A34207-E9FB-4940-903D-7EB938B2885E}.Release|x86.Build.0 = Release|Any CPU
		{3AF77F60-213E-462E-B01F-85BCEFA2B74C}.Debug|Any CPU.ActiveCfg = Debug|Any CPU
		{3AF77F60-213E-462E-B01F-85BCEFA2B74C}.Debug|Any CPU.Build.0 = Debug|Any CPU
		{3AF77F60-213E-462E-B01F-85BCEFA2B74C}.Debug|x64.ActiveCfg = Debug|Any CPU
		{3AF77F60-213E-462E-B01F-85BCEFA2B74C}.Debug|x64.Build.0 = Debug|Any CPU
		{3AF77F60-213E-462E-B01F-85BCEFA2B74C}.Debug|x86.ActiveCfg = Debug|Any CPU
		{3AF77F60-213E-462E-B01F-85BCEFA2B74C}.Debug|x86.Build.0 = Debug|Any CPU
		{3AF77F60-213E-462E-B01F-85BCEFA2B74C}.Release|Any CPU.ActiveCfg = Release|Any CPU
		{3AF77F60-213E-462E-B01F-85BCEFA2B74C}.Release|Any CPU.Build.0 = Release|Any CPU
		{3AF77F60-213E-462E-B01F-85BCEFA2B74C}.Release|x64.ActiveCfg = Release|Any CPU
		{3AF77F60-213E-462E-B01F-85BCEFA2B74C}.Release|x64.Build.0 = Release|Any CPU
		{3AF77F60-213E-462E-B01F-85BCEFA2B74C}.Release|x86.ActiveCfg = Release|Any CPU
		{3AF77F60-213E-462E-B01F-85BCEFA2B74C}.Release|x86.Build.0 = Release|Any CPU
		{5BFBBDF2-5464-4A69-AECE-6105FD463544}.Debug|Any CPU.ActiveCfg = Debug|Any CPU
		{5BFBBDF2-5464-4A69-AECE-6105FD463544}.Debug|Any CPU.Build.0 = Debug|Any CPU
		{5BFBBDF2-5464-4A69-AECE-6105FD463544}.Debug|x64.ActiveCfg = Debug|Any CPU
		{5BFBBDF2-5464-4A69-AECE-6105FD463544}.Debug|x64.Build.0 = Debug|Any CPU
		{5BFBBDF2-5464-4A69-AECE-6105FD463544}.Debug|x86.ActiveCfg = Debug|Any CPU
		{5BFBBDF2-5464-4A69-AECE-6105FD463544}.Debug|x86.Build.0 = Debug|Any CPU
		{5BFBBDF2-5464-4A69-AECE-6105FD463544}.Release|Any CPU.ActiveCfg = Release|Any CPU
		{5BFBBDF2-5464-4A69-AECE-6105FD463544}.Release|Any CPU.Build.0 = Release|Any CPU
		{5BFBBDF2-5464-4A69-AECE-6105FD463544}.Release|x64.ActiveCfg = Release|Any CPU
		{5BFBBDF2-5464-4A69-AECE-6105FD463544}.Release|x64.Build.0 = Release|Any CPU
		{5BFBBDF2-5464-4A69-AECE-6105FD463544}.Release|x86.ActiveCfg = Release|Any CPU
		{5BFBBDF2-5464-4A69-AECE-6105FD463544}.Release|x86.Build.0 = Release|Any CPU
	EndGlobalSection
	GlobalSection(SolutionProperties) = preSolution
		HideSolutionNode = FALSE
	EndGlobalSection
	GlobalSection(NestedProjects) = preSolution
		{D4146E6C-6C20-40E7-B423-A348ACAC86F3} = {827E0CD3-B72D-47B6-A68D-7590B98EB39B}
		{2257DBDE-131E-4DE7-84CE-3AD630050F1F} = {827E0CD3-B72D-47B6-A68D-7590B98EB39B}
		{7D9FB0E1-9317-46D8-B450-3E8C47F24C6C} = {827E0CD3-B72D-47B6-A68D-7590B98EB39B}
		{D731D8B0-6E39-4266-810F-5065A3B74919} = {827E0CD3-B72D-47B6-A68D-7590B98EB39B}
		{436BB07E-6456-4773-A640-2CFAA93EDFF2} = {0AB3BF05-4346-4AA6-1389-037BE0695223}
		{D4A34207-E9FB-4940-903D-7EB938B2885E} = {827E0CD3-B72D-47B6-A68D-7590B98EB39B}
		{3AF77F60-213E-462E-B01F-85BCEFA2B74C} = {827E0CD3-B72D-47B6-A68D-7590B98EB39B}
		{5BFBBDF2-5464-4A69-AECE-6105FD463544} = {827E0CD3-B72D-47B6-A68D-7590B98EB39B}
	EndGlobalSection
EndGlobal
